<Solution>
  <Folder Name="/src/">
    <Project Path="src/Vector.Api/Vector.Api.csproj" />
    <Project Path="src/Vector.Application/Vector.Application.csproj" />
    <Project Path="src/Vector.Domain/Vector.Domain.csproj" />
    <Project Path="src/Vector.Infrastructure/Vector.Infrastructure.csproj" />
  </Folder>
  <Folder Name="/tests/">
    <Project Path="tests/Vector.Tests/Vector.Tests.csproj" />
  </Folder>
</Solution>
